<?xml version="1.0" encoding="utf-8"?>
<Project ToolsVersion="4.0" xmlns="http://schemas.microsoft.com/developer/msbuild/2003">
  <ItemGroup>
    <Filter Include="Source Files">
      <UniqueIdentifier>{4FC737F1-C7A5-4376-A066-2A32D752A2FF}</UniqueIdentifier>
      <Extensions>cpp;c;cc;cxx;c++;cppm;ixx;def;odl;idl;hpj;bat;asm;asmx</Extensions>
    </Filter>
    <Filter Include="Header Files">
      <UniqueIdentifier>{93995380-89BD-4b04-88EB-625FBE52EBFB}</UniqueIdentifier>
      <Extensions>h;hh;hpp;hxx;h++;hm;inl;inc;ipp;xsd</Extensions>
    </Filter>
    <Filter Include="Resource Files">
      <UniqueIdentifier>{67DA6AB6-F800-4c08-8B7A-83BB121AAD01}</UniqueIdentifier>
      <Extensions>rc;ico;cur;bmp;dlg;rc2;rct;bin;rgs;gif;jpg;jpeg;jpe;resx;tiff;tif;png;wav;mfcribbon-ms</Extensions>
    </Filter>
    <Filter Include="Data Structures">
      <UniqueIdentifier>{4384b1c2-bc30-4793-97a3-55bbd486b4c3}</UniqueIdentifier>
    </Filter>
    <Filter Include="Graphics">
      <UniqueIdentifier>{94549841-84ec-401c-9882-769a4ac81829}</UniqueIdentifier>
    </Filter>
    <Filter Include="Users">
      <UniqueIdentifier>{67a0e12e-66ed-4f8f-b4cf-04b6aca588c9}</UniqueIdentifier>
    </Filter>
    <Filter Include="Objects Controllers">
      <UniqueIdentifier>{7960537e-1280-4080-a0e3-a8394d028e44}</UniqueIdentifier>
    </Filter>
    <Filter Include="Users Controllers">
      <UniqueIdentifier>{1f8c8d3f-be11-4ca9-a6d4-00cad1aed923}</UniqueIdentifier>
    </Filter>
    <Filter Include="Handlers">
      <UniqueIdentifier>{62c96b25-6c72-4611-95c4-f44fcc396005}</UniqueIdentifier>
    </Filter>
    <Filter Include="Main">
      <UniqueIdentifier>{fa842d06-04ad-488d-9a50-372df7bea718}</UniqueIdentifier>
    </Filter>
  </ItemGroup>
  <ItemGroup>
    <ClInclude Include="Class.h">
      <Filter>Header Files</Filter>
    </ClInclude>
    <ClInclude Include="semester.h">
      <Filter>Header Files</Filter>
    </ClInclude>
    <ClInclude Include="StudentScore.h">
      <Filter>Header Files</Filter>
    </ClInclude>
    <ClInclude Include="Course.h">
      <Filter>Header Files</Filter>
    </ClInclude>
    <ClInclude Include="helper.h">
      <Filter>Header Files</Filter>
    </ClInclude>
    <ClInclude Include="Date.h">
      <Filter>Header Files</Filter>
    </ClInclude>
    <ClInclude Include="SinglyLinkedList.h">
      <Filter>Data Structures</Filter>
    </ClInclude>
    <ClInclude Include="Button.h">
      <Filter>Graphics</Filter>
    </ClInclude>
    <ClInclude Include="InputRow.h">
      <Filter>Graphics</Filter>
    </ClInclude>
    <ClInclude Include="RowContainer.h">
      <Filter>Graphics</Filter>
    </ClInclude>
    <ClInclude Include="Table.h">
      <Filter>Graphics</Filter>
    </ClInclude>
    <ClInclude Include="Textbox.h">
      <Filter>Graphics</Filter>
    </ClInclude>
    <ClInclude Include="ConsoleGraphics.h">
      <Filter>Graphics</Filter>
    </ClInclude>
    <ClInclude Include="Container.h">
      <Filter>Graphics</Filter>
    </ClInclude>
    <ClInclude Include="GeneralPersonalInfo.h">
      <Filter>Users</Filter>
    </ClInclude>
    <ClInclude Include="Student.h">
      <Filter>Users</Filter>
    </ClInclude>
    <ClInclude Include="Staff.h">
      <Filter>Users</Filter>
    </ClInclude>
    <ClInclude Include="Class_controller.h">
      <Filter>Objects Controllers</Filter>
    </ClInclude>
    <ClInclude Include="Course_controller.h">
      <Filter>Objects Controllers</Filter>
    </ClInclude>
    <ClInclude Include="Semester_controller.h">
      <Filter>Objects Controllers</Filter>
    </ClInclude>
    <ClInclude Include="PeopleController.h">
      <Filter>Users Controllers</Filter>
    </ClInclude>
    <ClInclude Include="StudentController.h">
      <Filter>Users Controllers</Filter>
    </ClInclude>
    <ClInclude Include="StaffController.h">
      <Filter>Users Controllers</Filter>
    </ClInclude>
    <ClInclude Include="LogRegHandler.h">
      <Filter>Handlers</Filter>
    </ClInclude>
    <ClInclude Include="CourseSystem.h">
      <Filter>Header Files</Filter>
    </ClInclude>
    <ClInclude Include="CourseRegistration.h">
      <Filter>Header Files</Filter>
    </ClInclude>
    <ClInclude Include="CoursesList.h">
      <Filter>Header Files</Filter>
    </ClInclude>
    <ClInclude Include="Schoolyear_controller.h">
      <Filter>Objects Controllers</Filter>
    </ClInclude>
    <ClInclude Include="Schoolyear.h">
      <Filter>Header Files</Filter>
    </ClInclude>
  </ItemGroup>
  <ItemGroup>
    <ClCompile Include="Class.cpp">
      <Filter>Source Files</Filter>
    </ClCompile>
    <ClCompile Include="semester.cpp">
      <Filter>Source Files</Filter>
    </ClCompile>
    <ClCompile Include="StudentScore.cpp">
      <Filter>Source Files</Filter>
    </ClCompile>
    <ClCompile Include="Course.cpp">
      <Filter>Source Files</Filter>
    </ClCompile>
    <ClCompile Include="helper.cpp">
      <Filter>Source Files</Filter>
    </ClCompile>
    <ClCompile Include="Date.cpp">
      <Filter>Source Files</Filter>
    </ClCompile>
    <ClCompile Include="SinglyLinkedList.cpp">
      <Filter>Data Structures</Filter>
    </ClCompile>
    <ClCompile Include="Button.cpp">
      <Filter>Graphics</Filter>
    </ClCompile>
    <ClCompile Include="Container.cpp">
      <Filter>Graphics</Filter>
    </ClCompile>
    <ClCompile Include="ConsoleGraphics.cpp">
      <Filter>Graphics</Filter>
    </ClCompile>
    <ClCompile Include="Textbox.cpp">
      <Filter>Graphics</Filter>
    </ClCompile>
    <ClCompile Include="Table.cpp">
      <Filter>Graphics</Filter>
    </ClCompile>
    <ClCompile Include="RowContainer.cpp">
      <Filter>Graphics</Filter>
    </ClCompile>
    <ClCompile Include="InputRow.cpp">
      <Filter>Graphics</Filter>
    </ClCompile>
    <ClCompile Include="GeneralPersonalInfo.cpp">
      <Filter>Users</Filter>
    </ClCompile>
    <ClCompile Include="Student.cpp">
      <Filter>Users</Filter>
    </ClCompile>
    <ClCompile Include="Staff.cpp">
      <Filter>Users</Filter>
    </ClCompile>
    <ClCompile Include="Class_controller.cpp">
      <Filter>Objects Controllers</Filter>
    </ClCompile>
    <ClCompile Include="Course_controller.cpp">
      <Filter>Objects Controllers</Filter>
    </ClCompile>
    <ClCompile Include="Semester_controller.cpp">
      <Filter>Objects Controllers</Filter>
    </ClCompile>
    <ClCompile Include="PeopleController.cpp">
      <Filter>Users Controllers</Filter>
    </ClCompile>
    <ClCompile Include="StudentController.cpp">
      <Filter>Users Controllers</Filter>
    </ClCompile>
    <ClCompile Include="StaffController.cpp">
      <Filter>Users Controllers</Filter>
    </ClCompile>
    <ClCompile Include="LogRegHandler.cpp">
      <Filter>Handlers</Filter>
    </ClCompile>
    <ClCompile Include="CourseSystem.cpp">
      <Filter>Source Files</Filter>
    </ClCompile>
    <ClCompile Include="FinalProjectCS162.cpp">
      <Filter>Main</Filter>
    </ClCompile>
    <ClCompile Include="CourseRegistration.cpp">
      <Filter>Source Files</Filter>
    </ClCompile>
    <ClCompile Include="CoursesList.cpp">
      <Filter>Source Files</Filter>
    </ClCompile>
  </ItemGroup>
</Project>